
Microsoft Visual Studio Solution File, Format Version 12.00
# Visual Studio Version 17
VisualStudioVersion = 17.2.32616.157
MinimumVisualStudioVersion = 10.0.40219.1
Project("{FAE04EC0-301F-11D3-BF4B-00C04F79EFBC}") = "ConsoleApp3", "ConsoleApp3\ConsoleApp3.csproj", "{0D327D15-AC9D-453E-811A-FA9BFC7D948A}"
EndProject
Global
	GlobalSection(SolutionConfigurationPlatforms) = preSolution
		Debug|Any CPU = Debug|Any CPU
		Release|Any CPU = Release|Any CPU
	EndGlobalSection
	GlobalSection(ProjectConfigurationPlatforms) = postSolution
		{0D327D15-AC9D-453E-811A-FA9BFC7D948A}.Debug|Any CPU.ActiveCfg = Debug|Any CPU
		{0D327D15-AC9D-453E-811A-FA9BFC7D948A}.Debug|Any CPU.Build.0 = Debug|Any CPU
		{0D327D15-AC9D-453E-811A-FA9BFC7D948A}.Release|Any CPU.ActiveCfg = Release|Any CPU
		{0D327D15-AC9D-453E-811A-FA9BFC7D948A}.Release|Any CPU.Build.0 = Release|Any CPU
	EndGlobalSection
	GlobalSection(SolutionProperties) = preSolution
		HideSolutionNode = FALSE
	EndGlobalSection
	GlobalSection(ExtensibilityGlobals) = postSolution
		SolutionGuid = {DF1705B5-7C0E-4417-89BE-C6E110222771}
	EndGlobalSection
EndGlobal
